
Microsoft Visual Studio Solution File, Format Version 12.00
# Visual Studio Version 17
VisualStudioVersion = 17.8.34330.188
MinimumVisualStudioVersion = 10.0.40219.1
Project("{FAE04EC0-301F-11D3-BF4B-00C04F79EFBC}") = "Fahrtenbuch.UI", "Fahrtenbuch.UI\Fahrtenbuch.UI.csproj", "{BDC6D1B0-AE94-485E-8946-6851F10DD158}"
EndProject
Global
	GlobalSection(SolutionConfigurationPlatforms) = preSolution
		Debug|Any CPU = Debug|Any CPU
		Release|Any CPU = Release|Any CPU
	EndGlobalSection
	GlobalSection(ProjectConfigurationPlatforms) = postSolution
		{BDC6D1B0-AE94-485E-8946-6851F10DD158}.Debug|Any CPU.ActiveCfg = Debug|Any CPU
		{BDC6D1B0-AE94-485E-8946-6851F10DD158}.Debug|Any CPU.Build.0 = Debug|Any CPU
		{BDC6D1B0-AE94-485E-8946-6851F10DD158}.Release|Any CPU.ActiveCfg = Release|Any CPU
		{BDC6D1B0-AE94-485E-8946-6851F10DD158}.Release|Any CPU.Build.0 = Release|Any CPU
	EndGlobalSection
	GlobalSection(SolutionProperties) = preSolution
		HideSolutionNode = FALSE
	EndGlobalSection
	GlobalSection(ExtensibilityGlobals) = postSolution
		SolutionGuid = {B69AB75D-2EBD-41C2-9FAE-39FAA4100AB7}
	EndGlobalSection
EndGlobal
